
Microsoft Visual Studio Solution File, Format Version 11.00
# Visual Studio 2010
Project("{FAE04EC0-301F-11D3-BF4B-00C04F79EFBC}") = "Assembly-CSharp", "Assembly-CSharp.csproj", "{7ac200a5-dcf8-5899-611b-0ec328dee1f1}"
EndProject
Project("{FAE04EC0-301F-11D3-BF4B-00C04F79EFBC}") = "Assembly-CSharp-Editor", "Assembly-CSharp-Editor.csproj", "{2440b109-f246-3b09-fb14-287e023b8bba}"
EndProject
Global
	GlobalSection(SolutionConfigurationPlatforms) = preSolution
		Debug|Any CPU = Debug|Any CPU
	EndGlobalSection
	GlobalSection(ProjectConfigurationPlatforms) = postSolution
		{7ac200a5-dcf8-5899-611b-0ec328dee1f1}.Debug|Any CPU.ActiveCfg = Debug|Any CPU
		{7ac200a5-dcf8-5899-611b-0ec328dee1f1}.Debug|Any CPU.Build.0 = Debug|Any CPU
		{2440b109-f246-3b09-fb14-287e023b8bba}.Debug|Any CPU.ActiveCfg = Debug|Any CPU
		{2440b109-f246-3b09-fb14-287e023b8bba}.Debug|Any CPU.Build.0 = Debug|Any CPU
	EndGlobalSection
	GlobalSection(SolutionProperties) = preSolution
		HideSolutionNode = FALSE
	EndGlobalSection
EndGlobal
